
Microsoft Visual Studio Solution File, Format Version 12.00
# Visual Studio 15
VisualStudioVersion = 15.0.26730.15
MinimumVisualStudioVersion = 10.0.40219.1
Project("{9A19103F-16F7-4668-BE54-9A1E7A4F7556}") = "APIExample", "APIExample\APIExample.csproj", "{6A615F30-69AC-49AB-AF03-29F5FFCF7143}"
EndProject
Project("{FAE04EC0-301F-11D3-BF4B-00C04F79EFBC}") = "APIExampleFixtures", "APIExampleFixtures\APIExampleFixtures.csproj", "{A481D36D-360C-4480-A428-2E7EFF7B69EF}"
EndProject
Global
	GlobalSection(SolutionConfigurationPlatforms) = preSolution
		Debug|Any CPU = Debug|Any CPU
		Debug|ARM = Debug|ARM
		Debug|x64 = Debug|x64
		Debug|x86 = Debug|x86
		Release|Any CPU = Release|Any CPU
		Release|ARM = Release|ARM
		Release|x64 = Release|x64
		Release|x86 = Release|x86
	EndGlobalSection
	GlobalSection(ProjectConfigurationPlatforms) = postSolution
		{6A615F30-69AC-49AB-AF03-29F5FFCF7143}.Debug|Any CPU.ActiveCfg = Debug|Any CPU
		{6A615F30-69AC-49AB-AF03-29F5FFCF7143}.Debug|Any CPU.Build.0 = Debug|Any CPU
		{6A615F30-69AC-49AB-AF03-29F5FFCF7143}.Debug|ARM.ActiveCfg = Debug|Any CPU
		{6A615F30-69AC-49AB-AF03-29F5FFCF7143}.Debug|ARM.Build.0 = Debug|Any CPU
		{6A615F30-69AC-49AB-AF03-29F5FFCF7143}.Debug|x64.ActiveCfg = Debug|Any CPU
		{6A615F30-69AC-49AB-AF03-29F5FFCF7143}.Debug|x64.Build.0 = Debug|Any CPU
		{6A615F30-69AC-49AB-AF03-29F5FFCF7143}.Debug|x86.ActiveCfg = Debug|Any CPU
		{6A615F30-69AC-49AB-AF03-29F5FFCF7143}.Debug|x86.Build.0 = Debug|Any CPU
		{6A615F30-69AC-49AB-AF03-29F5FFCF7143}.Release|Any CPU.ActiveCfg = Release|Any CPU
		{6A615F30-69AC-49AB-AF03-29F5FFCF7143}.Release|Any CPU.Build.0 = Release|Any CPU
		{6A615F30-69AC-49AB-AF03-29F5FFCF7143}.Release|ARM.ActiveCfg = Release|Any CPU
		{6A615F30-69AC-49AB-AF03-29F5FFCF7143}.Release|ARM.Build.0 = Release|Any CPU
		{6A615F30-69AC-49AB-AF03-29F5FFCF7143}.Release|x64.ActiveCfg = Release|Any CPU
		{6A615F30-69AC-49AB-AF03-29F5FFCF7143}.Release|x64.Build.0 = Release|Any CPU
		{6A615F30-69AC-49AB-AF03-29F5FFCF7143}.Release|x86.ActiveCfg = Release|Any CPU
		{6A615F30-69AC-49AB-AF03-29F5FFCF7143}.Release|x86.Build.0 = Release|Any CPU
		{A481D36D-360C-4480-A428-2E7EFF7B69EF}.Debug|Any CPU.ActiveCfg = Debug|Any CPU
		{A481D36D-360C-4480-A428-2E7EFF7B69EF}.Debug|Any CPU.Build.0 = Debug|Any CPU
		{A481D36D-360C-4480-A428-2E7EFF7B69EF}.Debug|ARM.ActiveCfg = Debug|Any CPU
		{A481D36D-360C-4480-A428-2E7EFF7B69EF}.Debug|ARM.Build.0 = Debug|Any CPU
		{A481D36D-360C-4480-A428-2E7EFF7B69EF}.Debug|x64.ActiveCfg = Debug|Any CPU
		{A481D36D-360C-4480-A428-2E7EFF7B69EF}.Debug|x64.Build.0 = Debug|Any CPU
		{A481D36D-360C-4480-A428-2E7EFF7B69EF}.Debug|x86.ActiveCfg = Debug|Any CPU
		{A481D36D-360C-4480-A428-2E7EFF7B69EF}.Debug|x86.Build.0 = Debug|Any CPU
		{A481D36D-360C-4480-A428-2E7EFF7B69EF}.Release|Any CPU.ActiveCfg = Release|Any CPU
		{A481D36D-360C-4480-A428-2E7EFF7B69EF}.Release|Any CPU.Build.0 = Release|Any CPU
		{A481D36D-360C-4480-A428-2E7EFF7B69EF}.Release|ARM.ActiveCfg = Release|Any CPU
		{A481D36D-360C-4480-A428-2E7EFF7B69EF}.Release|ARM.Build.0 = Release|Any CPU
		{A481D36D-360C-4480-A428-2E7EFF7B69EF}.Release|x64.ActiveCfg = Release|Any CPU
		{A481D36D-360C-4480-A428-2E7EFF7B69EF}.Release|x64.Build.0 = Release|Any CPU
		{A481D36D-360C-4480-A428-2E7EFF7B69EF}.Release|x86.ActiveCfg = Release|Any CPU
		{A481D36D-360C-4480-A428-2E7EFF7B69EF}.Release|x86.Build.0 = Release|Any CPU
	EndGlobalSection
	GlobalSection(SolutionProperties) = preSolution
		HideSolutionNode = FALSE
	EndGlobalSection
	GlobalSection(ExtensibilityGlobals) = postSolution
		SolutionGuid = {9227F1D6-182F-4B8E-A317-C97AA85D6569}
	EndGlobalSection
EndGlobal
